{
  "name": "@snippets.run/registry",
  "version": "0.0.0",
  "lockfileVersion": 2,
  "requires": true,
  "packages": {
    "": {
      "name": "@snippets.run/registry",
      "version": "0.0.0",
      "dependencies": {
        "micro-router": "^1.0.1"
      },
      "devDependencies": {
        "@cloud-cli/prettier-config": "^1.0.0",
        "@cloud-cli/typescript-config": "^1.0.0",
        "@types/node": "^20.11.16",
        "typescript": "^5.3.3"
      }
    },
    "node_modules/@cloud-cli/prettier-config": {
      "version": "1.0.0",
      "resolved": "https://registry.npmjs.org/@cloud-cli/prettier-config/-/prettier-config-1.0.0.tgz",
      "integrity": "sha512-0Ops1CBvaV4keDW+phGR2eOLmjBhXHV8eG5Cm3nAqlHUdWbYs9a73r39GVDzz/J5kni5iUhKJG/IPKwPinWpsA==",
      "dev": true
    },
    "node_modules/@cloud-cli/typescript-config": {
      "version": "1.0.1",
      "resolved": "https://registry.npmjs.org/@cloud-cli/typescript-config/-/typescript-config-1.0.1.tgz",
      "integrity": "sha512-Mo2IL2gTDRqDdoDn7qZLWjFRpXSODmHk0IhZZMpVt0XLfv8V4QQj8mGTJJQCq9HBncyowk3+OYWV4OD8x5BW9w==",
      "dev": true
    },
    "node_modules/@types/node": {
      "version": "20.11.16",
      "resolved": "https://registry.npmjs.org/@types/node/-/node-20.11.16.tgz",
      "integrity": "sha512-gKb0enTmRCzXSSUJDq6/sPcqrfCv2mkkG6Jt/clpn5eiCbKTY+SgZUxo+p8ZKMof5dCp9vHQUAB7wOUTod22wQ==",
      "dev": true,
      "dependencies": {
        "undici-types": "~5.26.4"
      }
    },
    "node_modules/micro-router": {
      "version": "1.0.1",
      "resolved": "https://registry.npmjs.org/micro-router/-/micro-router-1.0.1.tgz",
      "integrity": "sha512-t33S/dgDiFmWwqx5vvuIl7/gWzP8dZE7JF5d4PYtsn6qpIGWuDv+4IWaoYaahMHbLO6WTohfuDU7lkgw3QjMxQ=="
    },
    "node_modules/typescript": {
      "version": "5.3.3",
      "resolved": "https://registry.npmjs.org/typescript/-/typescript-5.3.3.tgz",
      "integrity": "sha512-pXWcraxM0uxAS+tN0AG/BF2TyqmHO014Z070UsJ+pFvYuRSq8KH8DmWpnbXe0pEPDHXZV3FcAbJkijJ5oNEnWw==",
      "dev": true,
      "bin": {
        "tsc": "bin/tsc",
        "tsserver": "bin/tsserver"
      },
      "engines": {
        "node": ">=14.17"
      }
    },
    "node_modules/undici-types": {
      "version": "5.26.5",
      "resolved": "https://registry.npmjs.org/undici-types/-/undici-types-5.26.5.tgz",
      "integrity": "sha512-JlCMO+ehdEIKqlFxk6IfVoAUVmgz7cU7zD/h9XZ0qzeosSHmUJVOzSQvvYSYWXkFXC+IfLKSIffhv0sVZup6pA==",
      "dev": true
    }
  },
  "dependencies": {
    "@cloud-cli/prettier-config": {
      "version": "1.0.0",
      "resolved": "https://registry.npmjs.org/@cloud-cli/prettier-config/-/prettier-config-1.0.0.tgz",
      "integrity": "sha512-0Ops1CBvaV4keDW+phGR2eOLmjBhXHV8eG5Cm3nAqlHUdWbYs9a73r39GVDzz/J5kni5iUhKJG/IPKwPinWpsA==",
      "dev": true
    },
    "@cloud-cli/typescript-config": {
      "version": "1.0.1",
      "resolved": "https://registry.npmjs.org/@cloud-cli/typescript-config/-/typescript-config-1.0.1.tgz",
      "integrity": "sha512-Mo2IL2gTDRqDdoDn7qZLWjFRpXSODmHk0IhZZMpVt0XLfv8V4QQj8mGTJJQCq9HBncyowk3+OYWV4OD8x5BW9w==",
      "dev": true
    },
    "@types/node": {
      "version": "20.11.16",
      "resolved": "https://registry.npmjs.org/@types/node/-/node-20.11.16.tgz",
      "integrity": "sha512-gKb0enTmRCzXSSUJDq6/sPcqrfCv2mkkG6Jt/clpn5eiCbKTY+SgZUxo+p8ZKMof5dCp9vHQUAB7wOUTod22wQ==",
      "dev": true,
      "requires": {
        "undici-types": "~5.26.4"
      }
    },
    "micro-router": {
      "version": "1.0.1",
      "resolved": "https://registry.npmjs.org/micro-router/-/micro-router-1.0.1.tgz",
      "integrity": "sha512-t33S/dgDiFmWwqx5vvuIl7/gWzP8dZE7JF5d4PYtsn6qpIGWuDv+4IWaoYaahMHbLO6WTohfuDU7lkgw3QjMxQ=="
    },
    "typescript": {
      "version": "5.3.3",
      "resolved": "https://registry.npmjs.org/typescript/-/typescript-5.3.3.tgz",
      "integrity": "sha512-pXWcraxM0uxAS+tN0AG/BF2TyqmHO014Z070UsJ+pFvYuRSq8KH8DmWpnbXe0pEPDHXZV3FcAbJkijJ5oNEnWw==",
      "dev": true
    },
    "undici-types": {
      "version": "5.26.5",
      "resolved": "https://registry.npmjs.org/undici-types/-/undici-types-5.26.5.tgz",
      "integrity": "sha512-JlCMO+ehdEIKqlFxk6IfVoAUVmgz7cU7zD/h9XZ0qzeosSHmUJVOzSQvvYSYWXkFXC+IfLKSIffhv0sVZup6pA==",
      "dev": true
    }
  }
}
